{
  "name": "klipse",
  "version": "7.10.5",
  "lockfileVersion": 2,
  "requires": true,
  "packages": {
    "": {
      "version": "7.10.5",
      "license": "GPL-3.0",
      "dependencies": {
        "codemirror": ">=5.58.2"
      }
    },
    "node_modules/codemirror": {
      "version": "5.62.2",
      "resolved": "https://registry.npmjs.org/codemirror/-/codemirror-5.62.2.tgz",
      "integrity": "sha512-tVFMUa4J3Q8JUd1KL9yQzQB0/BJt7ZYZujZmTPgo/54Lpuq3ez4C8x/ATUY/wv7b7X3AUq8o3Xd+2C5ZrCGWHw=="
    }
  },
  "dependencies": {
    "codemirror": {
      "version": "5.62.2",
      "resolved": "https://registry.npmjs.org/codemirror/-/codemirror-5.62.2.tgz",
      "integrity": "sha512-tVFMUa4J3Q8JUd1KL9yQzQB0/BJt7ZYZujZmTPgo/54Lpuq3ez4C8x/ATUY/wv7b7X3AUq8o3Xd+2C5ZrCGWHw=="
    }
  }
}
